
Microsoft Visual Studio Solution File, Format Version 12.00
# Visual Studio Version 17
VisualStudioVersion = 17.5.2.0
MinimumVisualStudioVersion = 10.0.40219.1
Project("{FAE04EC0-301F-11D3-BF4B-00C04F79EFBC}") = "web", "web\web.csproj", "{AE2BDC88-D1CD-68A9-724B-0BB2BF755B0E}"
EndProject
Project("{FAE04EC0-301F-11D3-BF4B-00C04F79EFBC}") = "Infrastructure", "Infrastructure\Infrastructure.csproj", "{86526F4B-51E7-4BD7-B0D8-FFAEA6BF0BA9}"
EndProject
Project("{FAE04EC0-301F-11D3-BF4B-00C04F79EFBC}") = "Domain", "Domain\Domain.csproj", "{2015C636-B172-4D63-A845-7A86FDA5B9AF}"
EndProject
Project("{FAE04EC0-301F-11D3-BF4B-00C04F79EFBC}") = "Application", "Application\Application.csproj", "{1D7F868A-69E7-41FB-808A-7EBEB988D56F}"
EndProject
Global
	GlobalSection(SolutionConfigurationPlatforms) = preSolution
		Debug|Any CPU = Debug|Any CPU
		Debug|x64 = Debug|x64
		Debug|x86 = Debug|x86
		Release|Any CPU = Release|Any CPU
		Release|x64 = Release|x64
		Release|x86 = Release|x86
	EndGlobalSection
	GlobalSection(ProjectConfigurationPlatforms) = postSolution
		{AE2BDC88-D1CD-68A9-724B-0BB2BF755B0E}.Debug|Any CPU.ActiveCfg = Debug|Any CPU
		{AE2BDC88-D1CD-68A9-724B-0BB2BF755B0E}.Debug|Any CPU.Build.0 = Debug|Any CPU
		{AE2BDC88-D1CD-68A9-724B-0BB2BF755B0E}.Debug|x64.ActiveCfg = Debug|Any CPU
		{AE2BDC88-D1CD-68A9-724B-0BB2BF755B0E}.Debug|x64.Build.0 = Debug|Any CPU
		{AE2BDC88-D1CD-68A9-724B-0BB2BF755B0E}.Debug|x86.ActiveCfg = Debug|Any CPU
		{AE2BDC88-D1CD-68A9-724B-0BB2BF755B0E}.Debug|x86.Build.0 = Debug|Any CPU
		{AE2BDC88-D1CD-68A9-724B-0BB2BF755B0E}.Release|Any CPU.ActiveCfg = Release|Any CPU
		{AE2BDC88-D1CD-68A9-724B-0BB2BF755B0E}.Release|Any CPU.Build.0 = Release|Any CPU
		{AE2BDC88-D1CD-68A9-724B-0BB2BF755B0E}.Release|x64.ActiveCfg = Release|Any CPU
		{AE2BDC88-D1CD-68A9-724B-0BB2BF755B0E}.Release|x64.Build.0 = Release|Any CPU
		{AE2BDC88-D1CD-68A9-724B-0BB2BF755B0E}.Release|x86.ActiveCfg = Release|Any CPU
		{AE2BDC88-D1CD-68A9-724B-0BB2BF755B0E}.Release|x86.Build.0 = Release|Any CPU
		{86526F4B-51E7-4BD7-B0D8-FFAEA6BF0BA9}.Debug|Any CPU.ActiveCfg = Debug|Any CPU
		{86526F4B-51E7-4BD7-B0D8-FFAEA6BF0BA9}.Debug|Any CPU.Build.0 = Debug|Any CPU
		{86526F4B-51E7-4BD7-B0D8-FFAEA6BF0BA9}.Debug|x64.ActiveCfg = Debug|Any CPU
		{86526F4B-51E7-4BD7-B0D8-FFAEA6BF0BA9}.Debug|x64.Build.0 = Debug|Any CPU
		{86526F4B-51E7-4BD7-B0D8-FFAEA6BF0BA9}.Debug|x86.ActiveCfg = Debug|Any CPU
		{86526F4B-51E7-4BD7-B0D8-FFAEA6BF0BA9}.Debug|x86.Build.0 = Debug|Any CPU
		{86526F4B-51E7-4BD7-B0D8-FFAEA6BF0BA9}.Release|Any CPU.ActiveCfg = Release|Any CPU
		{86526F4B-51E7-4BD7-B0D8-FFAEA6BF0BA9}.Release|Any CPU.Build.0 = Release|Any CPU
		{86526F4B-51E7-4BD7-B0D8-FFAEA6BF0BA9}.Release|x64.ActiveCfg = Release|Any CPU
		{86526F4B-51E7-4BD7-B0D8-FFAEA6BF0BA9}.Release|x64.Build.0 = Release|Any CPU
		{86526F4B-51E7-4BD7-B0D8-FFAEA6BF0BA9}.Release|x86.ActiveCfg = Release|Any CPU
		{86526F4B-51E7-4BD7-B0D8-FFAEA6BF0BA9}.Release|x86.Build.0 = Release|Any CPU
		{2015C636-B172-4D63-A845-7A86FDA5B9AF}.Debug|Any CPU.ActiveCfg = Debug|Any CPU
		{2015C636-B172-4D63-A845-7A86FDA5B9AF}.Debug|Any CPU.Build.0 = Debug|Any CPU
		{2015C636-B172-4D63-A845-7A86FDA5B9AF}.Debug|x64.ActiveCfg = Debug|Any CPU
		{2015C636-B172-4D63-A845-7A86FDA5B9AF}.Debug|x64.Build.0 = Debug|Any CPU
		{2015C636-B172-4D63-A845-7A86FDA5B9AF}.Debug|x86.ActiveCfg = Debug|Any CPU
		{2015C636-B172-4D63-A845-7A86FDA5B9AF}.Debug|x86.Build.0 = Debug|Any CPU
		{2015C636-B172-4D63-A845-7A86FDA5B9AF}.Release|Any CPU.ActiveCfg = Release|Any CPU
		{2015C636-B172-4D63-A845-7A86FDA5B9AF}.Release|Any CPU.Build.0 = Release|Any CPU
		{2015C636-B172-4D63-A845-7A86FDA5B9AF}.Release|x64.ActiveCfg = Release|Any CPU
		{2015C636-B172-4D63-A845-7A86FDA5B9AF}.Release|x64.Build.0 = Release|Any CPU
		{2015C636-B172-4D63-A845-7A86FDA5B9AF}.Release|x86.ActiveCfg = Release|Any CPU
		{2015C636-B172-4D63-A845-7A86FDA5B9AF}.Release|x86.Build.0 = Release|Any CPU
		{1D7F868A-69E7-41FB-808A-7EBEB988D56F}.Debug|Any CPU.ActiveCfg = Debug|Any CPU
		{1D7F868A-69E7-41FB-808A-7EBEB988D56F}.Debug|Any CPU.Build.0 = Debug|Any CPU
		{1D7F868A-69E7-41FB-808A-7EBEB988D56F}.Debug|x64.ActiveCfg = Debug|Any CPU
		{1D7F868A-69E7-41FB-808A-7EBEB988D56F}.Debug|x64.Build.0 = Debug|Any CPU
		{1D7F868A-69E7-41FB-808A-7EBEB988D56F}.Debug|x86.ActiveCfg = Debug|Any CPU
		{1D7F868A-69E7-41FB-808A-7EBEB988D56F}.Debug|x86.Build.0 = Debug|Any CPU
		{1D7F868A-69E7-41FB-808A-7EBEB988D56F}.Release|Any CPU.ActiveCfg = Release|Any CPU
		{1D7F868A-69E7-41FB-808A-7EBEB988D56F}.Release|Any CPU.Build.0 = Release|Any CPU
		{1D7F868A-69E7-41FB-808A-7EBEB988D56F}.Release|x64.ActiveCfg = Release|Any CPU
		{1D7F868A-69E7-41FB-808A-7EBEB988D56F}.Release|x64.Build.0 = Release|Any CPU
		{1D7F868A-69E7-41FB-808A-7EBEB988D56F}.Release|x86.ActiveCfg = Release|Any CPU
		{1D7F868A-69E7-41FB-808A-7EBEB988D56F}.Release|x86.Build.0 = Release|Any CPU
	EndGlobalSection
	GlobalSection(SolutionProperties) = preSolution
		HideSolutionNode = FALSE
	EndGlobalSection
	GlobalSection(ExtensibilityGlobals) = postSolution
		SolutionGuid = {E7F7FA63-BCA0-4614-9E73-C122958CC53F}
	EndGlobalSection
EndGlobal
